
Microsoft Visual Studio Solution File, Format Version 12.00
# Visual Studio Version 17
VisualStudioVersion = 17.7.34202.233
MinimumVisualStudioVersion = 10.0.40219.1
Project("{8BC9CEB8-8B4A-11D0-8D11-00A0C91BC942}") = "Project4", "Project4\Project4.vcxproj", "{9A94059B-D897-4C27-8531-E1E77C345FD5}"
EndProject
Global
	GlobalSection(SolutionConfigurationPlatforms) = preSolution
		Debug|x64 = Debug|x64
		Debug|x86 = Debug|x86
		Release|x64 = Release|x64
		Release|x86 = Release|x86
	EndGlobalSection
	GlobalSection(ProjectConfigurationPlatforms) = postSolution
		{9A94059B-D897-4C27-8531-E1E77C345FD5}.Debug|x64.ActiveCfg = Debug|x64
		{9A94059B-D897-4C27-8531-E1E77C345FD5}.Debug|x64.Build.0 = Debug|x64
		{9A94059B-D897-4C27-8531-E1E77C345FD5}.Debug|x86.ActiveCfg = Debug|Win32
		{9A94059B-D897-4C27-8531-E1E77C345FD5}.Debug|x86.Build.0 = Debug|Win32
		{9A94059B-D897-4C27-8531-E1E77C345FD5}.Release|x64.ActiveCfg = Release|x64
		{9A94059B-D897-4C27-8531-E1E77C345FD5}.Release|x64.Build.0 = Release|x64
		{9A94059B-D897-4C27-8531-E1E77C345FD5}.Release|x86.ActiveCfg = Release|Win32
		{9A94059B-D897-4C27-8531-E1E77C345FD5}.Release|x86.Build.0 = Release|Win32
	EndGlobalSection
	GlobalSection(SolutionProperties) = preSolution
		HideSolutionNode = FALSE
	EndGlobalSection
	GlobalSection(ExtensibilityGlobals) = postSolution
		SolutionGuid = {E5B0B05D-46F8-4602-AFB9-4ED6048E0216}
	EndGlobalSection
EndGlobal
